// !$*UTF8*$!
{
	archiveVersion = 1;
	classes = {
	};
	objectVersion = 46;
	objects = {

/* Begin PBXBuildFile section */
		66BA71061E30938200D23493 /* AppDelegate.m in Sources */ = {isa = PBXBuildFile; fileRef = 66BA71051E30938200D23493 /* AppDelegate.m */; };
		66BA71091E30938200D23493 /* main.m in Sources */ = {isa = PBXBuildFile; fileRef = 66BA71081E30938200D23493 /* main.m */; };
		66BA710C1E30938200D23493 /* ViewController.m in Sources */ = {isa = PBXBuildFile; fileRef = 66BA710B1E30938200D23493 /* ViewController.m */; };
		66BA710E1E30938200D23493 /* Assets.xcassets in Resources */ = {isa = PBXBuildFile; fileRef = 66BA710D1E30938200D23493 /* Assets.xcassets */; };
		66BA71111E30938200D23493 /* Main.storyboard in Resources */ = {isa = PBXBuildFile; fileRef = 66BA710F1E30938200D23493 /* Main.storyboard */; };
/* End PBXBuildFile section */

/* Begin PBXFileReference section */
		66BA71011E30938200D23493 /* QBTableCell.app */ = {isa = PBXFileReference; explicitFileType = wrapper.application; includeInIndex = 0; path = QBTableCell.app; sourceTree = BUILT_PRODUCTS_DIR; };
		66BA71041E30938200D23493 /* AppDelegate.h */ = {isa = PBXFileReference; lastKnownFileType = sourcecode.c.h; path = AppDelegate.h; sourceTree = "<group>"; };
		66BA71051E30938200D23493 /* AppDelegate.m */ = {isa = PBXFileReference; lastKnownFileType = sourcecode.c.objc; path = AppDelegate.m; sourceTree = "<group>"; };
		66BA71081E30938200D23493 /* main.m */ = {isa = PBXFileReference; lastKnownFileType = sourcecode.c.objc; path = main.m; sourceTree = "<group>"; };
		66BA710A1E30938200D23493 /* ViewController.h */ = {isa = PBXFileReference; lastKnownFileType = sourcecode.c.h; path = ViewController.h; sourceTree = "<group>"; };
		66BA710B1E30938200D23493 /* ViewController.m */ = {isa = PBXFileReference; lastKnownFileType = sourcecode.c.objc; path = ViewController.m; sourceTree = "<group>"; };
		66BA710D1E30938200D23493 /* Assets.xcassets */ = {isa = PBXFileReference; lastKnownFileType = folder.assetcatalog; path = Assets.xcassets; sourceTree = "<group>"; };
		66BA71101E30938200D23493 /* Base */ = {isa = PBXFileReference; lastKnownFileType = file.storyboard; name = Base; path = Base.lproj/Main.storyboard; sourceTree = "<group>"; };
		66BA71121E30938200D23493 /* Info.plist */ = {isa = PBXFileReference; lastKnownFileType = text.plist.xml; path = Info.plist; sourceTree = "<group>"; };
/* End PBXFileReference section */

/* Begin PBXFrameworksBuildPhase section */
		66BA70FE1E30938200D23493 /* Frameworks */ = {
			isa = PBXFrameworksBuildPhase;
			buildActionMask = 2147483647;
			files = (
			);
			runOnlyForDeploymentPostprocessing = 0;
		};
/* End PBXFrameworksBuildPhase section */

/* Begin PBXGroup section */
		66BA70F81E30938200D23493 = {
			isa = PBXGroup;
			children = (
				66BA71031E30938200D23493 /* QBTableCell */,
				66BA71021E30938200D23493 /* Products */,
			);
			sourceTree = "<group>";
		};
		66BA71021E30938200D23493 /* Products */ = {
			isa = PBXGroup;
			children = (
				66BA71011E30938200D23493 /* QBTableCell.app */,
			);
			name = Products;
			sourceTree = "<group>";
		};
		66BA71031E30938200D23493 /* QBTableCell */ = {
			isa = PBXGroup;
			children = (
				66BA71041E30938200D23493 /* AppDelegate.h */,
				66BA71051E30938200D23493 /* AppDelegate.m */,
				66BA710A1E30938200D23493 /* ViewController.h */,
				66BA710B1E30938200D23493 /* ViewController.m */,
				66BA710D1E30938200D23493 /* Assets.xcassets */,
				66BA710F1E30938200D23493 /* Main.storyboard */,
				66BA71121E30938200D23493 /* Info.plist */,
				66BA71071E30938200D23493 /* Supporting Files */,
			);
			path = QBTableCell;
			sourceTree = "<group>";
		};
		66BA71071E30938200D23493 /* Supporting Files */ = {
			isa = PBXGroup;
			children = (
				66BA71081E30938200D23493 /* main.m */,
			);
			name = "Supporting Files";
			sourceTree = "<group>";
		};
/* End PBXGroup section */

/* Begin PBXNativeTarget section */
		66BA71001E30938200D23493 /* QBTableCell */ = {
			isa = PBXNativeTarget;
			buildConfigurationList = 66BA71151E30938200D23493 /* Build configuration list for PBXNativeTarget "QBTableCell" */;
			buildPhases = (
				66BA70FD1E30938200D23493 /* Sources */,
				66BA70FE1E30938200D23493 /* Frameworks */,
				66BA70FF1E30938200D23493 /* Resources */,
			);
			buildRules = (
			);
			dependencies = (
			);
			name = QBTableCell;
			productName = QBTableCell;
			productReference = 66BA71011E30938200D23493 /* QBTableCell.app */;
			productType = "com.apple.product-type.application";
		};
/* End PBXNativeTarget section */

/* Begin PBXProject section */
		66BA70F91E30938200D23493 /* Project object */ = {
			isa = PBXProject;
			attributes = {
				LastUpgradeCheck = 0820;
				ORGANIZATIONNAME = Quentin;
				TargetAttributes = {
					66BA71001E30938200D23493 = {
						CreatedOnToolsVersion = 8.2.1;
						DevelopmentTeam = 4J67FTSTQJ;
						ProvisioningStyle = Automatic;
					};
				};
			};
			buildConfigurationList = 66BA70FC1E30938200D23493 /* Build configuration list for PBXProject "QBTableCell" */;
			compatibilityVersion = "Xcode 3.2";
			developmentRegion = English;
			hasScannedForEncodings = 0;
			knownRegions = (
				en,
				Base,
			);
			mainGroup = 66BA70F81E30938200D23493;
			productRefGroup = 66BA71021E30938200D23493 /* Products */;
			projectDirPath = "";
			projectRoot = "";
			targets = (
				66BA71001E30938200D23493 /* QBTableCell */,
			);
		};
/* End PBXProject section */

/* Begin PBXResourcesBuildPhase section */
		66BA70FF1E30938200D23493 /* Resources */ = {
			isa = PBXResourcesBuildPhase;
			buildActionMask = 2147483647;
			files = (
				66BA710E1E30938200D23493 /* Assets.xcassets in Resources */,
				66BA71111E30938200D23493 /* Main.storyboard in Resources */,
			);
			runOnlyForDeploymentPostprocessing = 0;
		};
/* End PBXResourcesBuildPhase section */

/* Begin PBXSourcesBuildPhase section */
		66BA70FD1E30938200D23493 /* Sources */ = {
			isa = PBXSourcesBuildPhase;
			buildActionMask = 2147483647;
			files = (
				66BA710C1E30938200D23493 /* ViewController.m in Sources */,
				66BA71091E30938200D23493 /* main.m in Sources */,
				66BA71061E30938200D23493 /* AppDelegate.m in Sources */,
			);
			runOnlyForDeploymentPostprocessing = 0;
		};
/* End PBXSourcesBuildPhase section */

/* Begin PBXVariantGroup section */
		66BA710F1E30938200D23493 /* Main.storyboard */ = {
			isa = PBXVariantGroup;
			children = (
				66BA71101E30938200D23493 /* Base */,
			);
			name = Main.storyboard;
			sourceTree = "<group>";
		};
/* End PBXVariantGroup section */

/* Begin XCBuildConfiguration section */
		66BA71131E30938200D23493 /* Debug */ = {
			isa = XCBuildConfiguration;
			buildSettings = {
				ALWAYS_SEARCH_USER_PATHS = NO;
				CLANG_ANALYZER_NONNULL = YES;
				CLANG_CXX_LANGUAGE_STANDARD = "gnu++0x";
				CLANG_CXX_LIBRARY = "libc++";
				CLANG_ENABLE_MODULES = YES;
				CLANG_ENABLE_OBJC_ARC = YES;
				CLANG_WARN_BOOL_CONVERSION = YES;
				CLANG_WARN_CONSTANT_CONVERSION = YES;
				CLANG_WARN_DIRECT_OBJC_ISA_USAGE = YES_ERROR;
				CLANG_WARN_DOCUMENTATION_COMMENTS = YES;
				CLANG_WARN_EMPTY_BODY = YES;
				CLANG_WARN_ENUM_CONVERSION = YES;
				CLANG_WARN_INFINITE_RECURSION = YES;
				CLANG_WARN_INT_CONVERSION = YES;
				CLANG_WARN_OBJC_ROOT_CLASS = YES_ERROR;
				CLANG_WARN_SUSPICIOUS_MOVE = YES;
				CLANG_WARN_UNREACHABLE_CODE = YES;
				CLANG_WARN__DUPLICATE_METHOD_MATCH = YES;
				CODE_SIGN_IDENTITY = "-";
				COPY_PHASE_STRIP = NO;
				DEBUG_INFORMATION_FORMAT = dwarf;
				ENABLE_STRICT_OBJC_MSGSEND = YES;
				ENABLE_TESTABILITY = YES;
				GCC_C_LANGUAGE_STANDARD = gnu99;
				GCC_DYNAMIC_NO_PIC = NO;
				GCC_NO_COMMON_BLOCKS = YES;
				GCC_OPTIMIZATION_LEVEL = 0;
				GCC_PREPROCESSOR_DEFINITIONS = (
					"DEBUG=1",
					"$(inherited)",
				);
				GCC_WARN_64_TO_32_BIT_CONVERSION = YES;
				GCC_WARN_ABOUT_RETURN_TYPE = YES_ERROR;
				GCC_WARN_UNDECLARED_SELECTOR = YES;
				GCC_WARN_UNINITIALIZED_AUTOS = YES_AGGRESSIVE;
				GCC_WARN_UNUSED_FUNCTION = YES;
				GCC_WARN_UNUSED_VARIABLE = YES;
				MACOSX_DEPLOYMENT_TARGET = 10.12;
				MTL_ENABLE_DEBUG_INFO = YES;
				ONLY_ACTIVE_ARCH = YES;
				SDKROOT = macosx;
			};
			name = Debug;
		};
		66BA71141E30938200D23493 /* Release */ = {
			isa = XCBuildConfiguration;
			buildSettings = {
				ALWAYS_SEARCH_USER_PATHS = NO;
				CLANG_ANALYZER_NONNULL = YES;
				CLANG_CXX_LANGUAGE_STANDARD = "gnu++0x";
				CLANG_CXX_LIBRARY = "libc++";
				CLANG_ENABLE_MODULES = YES;
				CLANG_ENABLE_OBJC_ARC = YES;
				CLANG_WARN_BOOL_CONVERSION = YES;
				CLANG_WARN_CONSTANT_CONVERSION = YES;
				CLANG_WARN_DIRECT_OBJC_ISA_USAGE = YES_ERROR;
				CLANG_WARN_DOCUMENTATION_COMMENTS = YES;
				CLANG_WARN_EMPTY_BODY = YES;
				CLANG_WARN_ENUM_CONVERSION = YES;
				CLANG_WARN_INFINITE_RECURSION = YES;
				CLANG_WARN_INT_CONVERSION = YES;
				CLANG_WARN_OBJC_ROOT_CLASS = YES_ERROR;
				CLANG_WARN_SUSPICIOUS_MOVE = YES;
				CLANG_WARN_UNREACHABLE_CODE = YES;
				CLANG_WARN__DUPLICATE_METHOD_MATCH = YES;
				CODE_SIGN_IDENTITY = "-";
				COPY_PHASE_STRIP = NO;
				DEBUG_INFORMATION_FORMAT = "dwarf-with-dsym";
				ENABLE_NS_ASSERTIONS = NO;
				ENABLE_STRICT_OBJC_MSGSEND = YES;
				GCC_C_LANGUAGE_STANDARD = gnu99;
				GCC_NO_COMMON_BLOCKS = YES;
				GCC_WARN_64_TO_32_BIT_CONVERSION = YES;
				GCC_WARN_ABOUT_RETURN_TYPE = YES_ERROR;
				GCC_WARN_UNDECLARED_SELECTOR = YES;
				GCC_WARN_UNINITIALIZED_AUTOS = YES_AGGRESSIVE;
				GCC_WARN_UNUSED_FUNCTION = YES;
				GCC_WARN_UNUSED_VARIABLE = YES;
				MACOSX_DEPLOYMENT_TARGET = 10.12;
				MTL_ENABLE_DEBUG_INFO = NO;
				SDKROOT = macosx;
			};
			name = Release;
		};
		66BA71161E30938200D23493 /* Debug */ = {
			isa = XCBuildConfiguration;
			buildSettings = {
				ASSETCATALOG_COMPILER_APPICON_NAME = AppIcon;
				COMBINE_HIDPI_IMAGES = YES;
				DEVELOPMENT_TEAM = 4J67FTSTQJ;
				INFOPLIST_FILE = QBTableCell/Info.plist;
				LD_RUNPATH_SEARCH_PATHS = "$(inherited) @executable_path/../Frameworks";
				PRODUCT_BUNDLE_IDENTIFIER = com.quentin.QBTableCell;
				PRODUCT_NAME = "$(TARGET_NAME)";
			};
			name = Debug;
		};
		66BA71171E30938200D23493 /* Release */ = {
			isa = XCBuildConfiguration;
			buildSettings = {
				ASSETCATALOG_COMPILER_APPICON_NAME = AppIcon;
				COMBINE_HIDPI_IMAGES = YES;
				DEVELOPMENT_TEAM = 4J67FTSTQJ;
				INFOPLIST_FILE = QBTableCell/Info.plist;
				LD_RUNPATH_SEARCH_PATHS = "$(inherited) @executable_path/../Frameworks";
				PRODUCT_BUNDLE_IDENTIFIER = com.quentin.QBTableCell;
				PRODUCT_NAME = "$(TARGET_NAME)";
			};
			name = Release;
		};
/* End XCBuildConfiguration section */

/* Begin XCConfigurationList section */
		66BA70FC1E30938200D23493 /* Build configuration list for PBXProject "QBTableCell" */ = {
			isa = XCConfigurationList;
			buildConfigurations = (
				66BA71131E30938200D23493 /* Debug */,
				66BA71141E30938200D23493 /* Release */,
			);
			defaultConfigurationIsVisible = 0;
			defaultConfigurationName = Release;
		};
		66BA71151E30938200D23493 /* Build configuration list for PBXNativeTarget "QBTableCell" */ = {
			isa = XCConfigurationList;
			buildConfigurations = (
				66BA71161E30938200D23493 /* Debug */,
				66BA71171E30938200D23493 /* Release */,
			);
			defaultConfigurationIsVisible = 0;
		};
/* End XCConfigurationList section */
	};
	rootObject = 66BA70F91E30938200D23493 /* Project object */;
}
